
Microsoft Visual Studio Solution File, Format Version 12.00
# Visual Studio Version 17
VisualStudioVersion = 17.0.31912.275
MinimumVisualStudioVersion = 10.0.40219.1
Project("{2150E333-8FDC-42A3-9474-1A3956D46DE8}") = "src", "src", "{EAF905A7-3B4D-4E57-B825-F0E03D4E25F0}"
EndProject
Project("{2150E333-8FDC-42A3-9474-1A3956D46DE8}") = "tests", "tests", "{7FB97E44-F0BE-4380-A7F1-A299A666EC9A}"
EndProject
Project("{2150E333-8FDC-42A3-9474-1A3956D46DE8}") = "Host", "Host", "{62D9FFA5-0AFA-4B15-B616-64E07D433E7D}"
EndProject
Project("{2150E333-8FDC-42A3-9474-1A3956D46DE8}") = "Modules", "Modules", "{BB04C30E-A65C-4522-981E-C5577D030136}"
EndProject
Project("{2150E333-8FDC-42A3-9474-1A3956D46DE8}") = "Shared", "Shared", "{53169A69-C3CD-4DD1-8005-B8B7DD858672}"
EndProject
Project("{9A19103F-16F7-4668-BE54-9A1E7A4F7556}") = "Api", "Host\Api\Api.csproj", "{DD45AAF1-BB39-4685-A3D0-984874699A4B}"
EndProject
Project("{9A19103F-16F7-4668-BE54-9A1E7A4F7556}") = "Shared.Dtos", "Shared\Shared.Dtos\Shared.Dtos.csproj", "{C3179400-2467-4781-B82A-BB698C59EB5E}"
EndProject
Project("{9A19103F-16F7-4668-BE54-9A1E7A4F7556}") = "Shared.Core", "Shared\Shared.Core\Shared.Core.csproj", "{90C6E8BA-471C-4D0D-A3E4-3ABC51E7A85D}"
EndProject
Project("{9A19103F-16F7-4668-BE54-9A1E7A4F7556}") = "Shared.Infrastructure", "Shared\Shared.Infrastructure\Shared.Infrastructure.csproj", "{814033DF-CEA0-45F9-949A-5DD2A9E193A5}"
EndProject
Project("{2150E333-8FDC-42A3-9474-1A3956D46DE8}") = "Identity", "Identity", "{9FED9EC0-3C27-465A-9254-AFAA4610F7F8}"
EndProject
Project("{2150E333-8FDC-42A3-9474-1A3956D46DE8}") = "Inmo", "Inmo", "{B5121662-81E8-4292-A3A4-9C3CC69C187F}"
EndProject
Project("{2150E333-8FDC-42A3-9474-1A3956D46DE8}") = "Person", "Person", "{61A2E03A-149F-476A-AF1B-1887EEA73878}"
EndProject
Project("{9A19103F-16F7-4668-BE54-9A1E7A4F7556}") = "Modules.Identity.Core", "Modules\Identity\Modules.Identity.Core\Modules.Identity.Core.csproj", "{D34AF603-F74E-42D9-844D-A8B87086A70E}"
EndProject
Project("{9A19103F-16F7-4668-BE54-9A1E7A4F7556}") = "Modules.Identity.Infrastructure", "Modules\Identity\Modules.Identity.Infrastructure\Modules.Identity.Infrastructure.csproj", "{6C9A607B-E8ED-4150-83BE-8933BE447DAC}"
EndProject
Project("{9A19103F-16F7-4668-BE54-9A1E7A4F7556}") = "Modules.Identity.Api", "Modules\Identity\Modules.Identity.Api\Modules.Identity.Api.csproj", "{6A35FC35-0999-4472-BA0D-AD2852425E9D}"
EndProject
Project("{9A19103F-16F7-4668-BE54-9A1E7A4F7556}") = "Modules.Inmo.Api", "Modules\Inmo\Modules.Inmo.Api\Modules.Inmo.Api.csproj", "{43C944E5-4894-433A-8049-5A130B69E39D}"
EndProject
Project("{9A19103F-16F7-4668-BE54-9A1E7A4F7556}") = "Modules.Inmo.Core", "Modules\Inmo\Modules.Inmo.Core\Modules.Inmo.Core.csproj", "{1D890382-EA4D-453B-9602-D49C892A6076}"
EndProject
Project("{9A19103F-16F7-4668-BE54-9A1E7A4F7556}") = "Modules.Inmo.Infrastructure", "Modules\Inmo\Modules.Inmo.Infrastructure\Modules.Inmo.Infrastructure.csproj", "{8295FB12-C876-47E8-98E7-3C80FDB3F193}"
EndProject
Project("{9A19103F-16F7-4668-BE54-9A1E7A4F7556}") = "Modules.Person.Api", "Modules\Person\Modules.Person.Api\Modules.Person.Api.csproj", "{C26EF464-8350-426A-ADCA-17A3B84430A0}"
EndProject
Project("{9A19103F-16F7-4668-BE54-9A1E7A4F7556}") = "Modules.Person.Core", "Modules\Person\Modules.Person.Core\Modules.Person.Core.csproj", "{995B3330-2089-41E1-8338-CED0FC985A93}"
EndProject
Project("{9A19103F-16F7-4668-BE54-9A1E7A4F7556}") = "Modules.Person.Infrastructure", "Modules\Person\Modules.Person.Infrastructure\Modules.Person.Infrastructure.csproj", "{85E9322F-A35A-4F2A-AEB9-71387E32894C}"
EndProject
Global
	GlobalSection(SolutionConfigurationPlatforms) = preSolution
		Debug|Any CPU = Debug|Any CPU
		Release|Any CPU = Release|Any CPU
	EndGlobalSection
	GlobalSection(ProjectConfigurationPlatforms) = postSolution
		{DD45AAF1-BB39-4685-A3D0-984874699A4B}.Debug|Any CPU.ActiveCfg = Debug|Any CPU
		{DD45AAF1-BB39-4685-A3D0-984874699A4B}.Debug|Any CPU.Build.0 = Debug|Any CPU
		{DD45AAF1-BB39-4685-A3D0-984874699A4B}.Release|Any CPU.ActiveCfg = Release|Any CPU
		{DD45AAF1-BB39-4685-A3D0-984874699A4B}.Release|Any CPU.Build.0 = Release|Any CPU
		{C3179400-2467-4781-B82A-BB698C59EB5E}.Debug|Any CPU.ActiveCfg = Debug|Any CPU
		{C3179400-2467-4781-B82A-BB698C59EB5E}.Debug|Any CPU.Build.0 = Debug|Any CPU
		{C3179400-2467-4781-B82A-BB698C59EB5E}.Release|Any CPU.ActiveCfg = Release|Any CPU
		{C3179400-2467-4781-B82A-BB698C59EB5E}.Release|Any CPU.Build.0 = Release|Any CPU
		{90C6E8BA-471C-4D0D-A3E4-3ABC51E7A85D}.Debug|Any CPU.ActiveCfg = Debug|Any CPU
		{90C6E8BA-471C-4D0D-A3E4-3ABC51E7A85D}.Debug|Any CPU.Build.0 = Debug|Any CPU
		{90C6E8BA-471C-4D0D-A3E4-3ABC51E7A85D}.Release|Any CPU.ActiveCfg = Release|Any CPU
		{90C6E8BA-471C-4D0D-A3E4-3ABC51E7A85D}.Release|Any CPU.Build.0 = Release|Any CPU
		{814033DF-CEA0-45F9-949A-5DD2A9E193A5}.Debug|Any CPU.ActiveCfg = Debug|Any CPU
		{814033DF-CEA0-45F9-949A-5DD2A9E193A5}.Debug|Any CPU.Build.0 = Debug|Any CPU
		{814033DF-CEA0-45F9-949A-5DD2A9E193A5}.Release|Any CPU.ActiveCfg = Release|Any CPU
		{814033DF-CEA0-45F9-949A-5DD2A9E193A5}.Release|Any CPU.Build.0 = Release|Any CPU
		{D34AF603-F74E-42D9-844D-A8B87086A70E}.Debug|Any CPU.ActiveCfg = Debug|Any CPU
		{D34AF603-F74E-42D9-844D-A8B87086A70E}.Debug|Any CPU.Build.0 = Debug|Any CPU
		{D34AF603-F74E-42D9-844D-A8B87086A70E}.Release|Any CPU.ActiveCfg = Release|Any CPU
		{D34AF603-F74E-42D9-844D-A8B87086A70E}.Release|Any CPU.Build.0 = Release|Any CPU
		{6C9A607B-E8ED-4150-83BE-8933BE447DAC}.Debug|Any CPU.ActiveCfg = Debug|Any CPU
		{6C9A607B-E8ED-4150-83BE-8933BE447DAC}.Debug|Any CPU.Build.0 = Debug|Any CPU
		{6C9A607B-E8ED-4150-83BE-8933BE447DAC}.Release|Any CPU.ActiveCfg = Release|Any CPU
		{6C9A607B-E8ED-4150-83BE-8933BE447DAC}.Release|Any CPU.Build.0 = Release|Any CPU
		{6A35FC35-0999-4472-BA0D-AD2852425E9D}.Debug|Any CPU.ActiveCfg = Debug|Any CPU
		{6A35FC35-0999-4472-BA0D-AD2852425E9D}.Debug|Any CPU.Build.0 = Debug|Any CPU
		{6A35FC35-0999-4472-BA0D-AD2852425E9D}.Release|Any CPU.ActiveCfg = Release|Any CPU
		{6A35FC35-0999-4472-BA0D-AD2852425E9D}.Release|Any CPU.Build.0 = Release|Any CPU
		{43C944E5-4894-433A-8049-5A130B69E39D}.Debug|Any CPU.ActiveCfg = Debug|Any CPU
		{43C944E5-4894-433A-8049-5A130B69E39D}.Debug|Any CPU.Build.0 = Debug|Any CPU
		{43C944E5-4894-433A-8049-5A130B69E39D}.Release|Any CPU.ActiveCfg = Release|Any CPU
		{43C944E5-4894-433A-8049-5A130B69E39D}.Release|Any CPU.Build.0 = Release|Any CPU
		{1D890382-EA4D-453B-9602-D49C892A6076}.Debug|Any CPU.ActiveCfg = Debug|Any CPU
		{1D890382-EA4D-453B-9602-D49C892A6076}.Debug|Any CPU.Build.0 = Debug|Any CPU
		{1D890382-EA4D-453B-9602-D49C892A6076}.Release|Any CPU.ActiveCfg = Release|Any CPU
		{1D890382-EA4D-453B-9602-D49C892A6076}.Release|Any CPU.Build.0 = Release|Any CPU
		{8295FB12-C876-47E8-98E7-3C80FDB3F193}.Debug|Any CPU.ActiveCfg = Debug|Any CPU
		{8295FB12-C876-47E8-98E7-3C80FDB3F193}.Debug|Any CPU.Build.0 = Debug|Any CPU
		{8295FB12-C876-47E8-98E7-3C80FDB3F193}.Release|Any CPU.ActiveCfg = Release|Any CPU
		{8295FB12-C876-47E8-98E7-3C80FDB3F193}.Release|Any CPU.Build.0 = Release|Any CPU
		{C26EF464-8350-426A-ADCA-17A3B84430A0}.Debug|Any CPU.ActiveCfg = Debug|Any CPU
		{C26EF464-8350-426A-ADCA-17A3B84430A0}.Debug|Any CPU.Build.0 = Debug|Any CPU
		{C26EF464-8350-426A-ADCA-17A3B84430A0}.Release|Any CPU.ActiveCfg = Release|Any CPU
		{C26EF464-8350-426A-ADCA-17A3B84430A0}.Release|Any CPU.Build.0 = Release|Any CPU
		{995B3330-2089-41E1-8338-CED0FC985A93}.Debug|Any CPU.ActiveCfg = Debug|Any CPU
		{995B3330-2089-41E1-8338-CED0FC985A93}.Debug|Any CPU.Build.0 = Debug|Any CPU
		{995B3330-2089-41E1-8338-CED0FC985A93}.Release|Any CPU.ActiveCfg = Release|Any CPU
		{995B3330-2089-41E1-8338-CED0FC985A93}.Release|Any CPU.Build.0 = Release|Any CPU
		{85E9322F-A35A-4F2A-AEB9-71387E32894C}.Debug|Any CPU.ActiveCfg = Debug|Any CPU
		{85E9322F-A35A-4F2A-AEB9-71387E32894C}.Debug|Any CPU.Build.0 = Debug|Any CPU
		{85E9322F-A35A-4F2A-AEB9-71387E32894C}.Release|Any CPU.ActiveCfg = Release|Any CPU
		{85E9322F-A35A-4F2A-AEB9-71387E32894C}.Release|Any CPU.Build.0 = Release|Any CPU
	EndGlobalSection
	GlobalSection(SolutionProperties) = preSolution
		HideSolutionNode = FALSE
	EndGlobalSection
	GlobalSection(NestedProjects) = preSolution
		{62D9FFA5-0AFA-4B15-B616-64E07D433E7D} = {EAF905A7-3B4D-4E57-B825-F0E03D4E25F0}
		{BB04C30E-A65C-4522-981E-C5577D030136} = {EAF905A7-3B4D-4E57-B825-F0E03D4E25F0}
		{53169A69-C3CD-4DD1-8005-B8B7DD858672} = {EAF905A7-3B4D-4E57-B825-F0E03D4E25F0}
		{DD45AAF1-BB39-4685-A3D0-984874699A4B} = {62D9FFA5-0AFA-4B15-B616-64E07D433E7D}
		{C3179400-2467-4781-B82A-BB698C59EB5E} = {53169A69-C3CD-4DD1-8005-B8B7DD858672}
		{90C6E8BA-471C-4D0D-A3E4-3ABC51E7A85D} = {53169A69-C3CD-4DD1-8005-B8B7DD858672}
		{814033DF-CEA0-45F9-949A-5DD2A9E193A5} = {53169A69-C3CD-4DD1-8005-B8B7DD858672}
		{9FED9EC0-3C27-465A-9254-AFAA4610F7F8} = {BB04C30E-A65C-4522-981E-C5577D030136}
		{B5121662-81E8-4292-A3A4-9C3CC69C187F} = {BB04C30E-A65C-4522-981E-C5577D030136}
		{61A2E03A-149F-476A-AF1B-1887EEA73878} = {BB04C30E-A65C-4522-981E-C5577D030136}
		{D34AF603-F74E-42D9-844D-A8B87086A70E} = {9FED9EC0-3C27-465A-9254-AFAA4610F7F8}
		{6C9A607B-E8ED-4150-83BE-8933BE447DAC} = {9FED9EC0-3C27-465A-9254-AFAA4610F7F8}
		{6A35FC35-0999-4472-BA0D-AD2852425E9D} = {9FED9EC0-3C27-465A-9254-AFAA4610F7F8}
		{43C944E5-4894-433A-8049-5A130B69E39D} = {B5121662-81E8-4292-A3A4-9C3CC69C187F}
		{1D890382-EA4D-453B-9602-D49C892A6076} = {B5121662-81E8-4292-A3A4-9C3CC69C187F}
		{8295FB12-C876-47E8-98E7-3C80FDB3F193} = {B5121662-81E8-4292-A3A4-9C3CC69C187F}
		{C26EF464-8350-426A-ADCA-17A3B84430A0} = {61A2E03A-149F-476A-AF1B-1887EEA73878}
		{995B3330-2089-41E1-8338-CED0FC985A93} = {61A2E03A-149F-476A-AF1B-1887EEA73878}
		{85E9322F-A35A-4F2A-AEB9-71387E32894C} = {61A2E03A-149F-476A-AF1B-1887EEA73878}
	EndGlobalSection
	GlobalSection(ExtensibilityGlobals) = postSolution
		SolutionGuid = {946C3A19-0B6E-4D36-AF16-8F82D2A57703}
	EndGlobalSection
EndGlobal
